
Microsoft Visual Studio Solution File, Format Version 12.00
# Visual Studio Version 17
VisualStudioVersion = 17.9.34607.119
MinimumVisualStudioVersion = 10.0.40219.1
Project("{778DAE3C-4631-46EA-AA77-85C1314464D9}") = "FHOS.Data", "FHOS.Data\FHOS.Data.vbproj", "{7B7165A9-392F-4BA8-BA8E-12890AF292E8}"
EndProject
Project("{778DAE3C-4631-46EA-AA77-85C1314464D9}") = "FHOS.Persistence", "FHOS.Persistence\FHOS.Persistence.vbproj", "{38C7DE20-9955-49E6-B664-5F2017389408}"
EndProject
Project("{778DAE3C-4631-46EA-AA77-85C1314464D9}") = "FHOS.Model", "FHOS.Model\FHOS.Model.vbproj", "{C04F7E61-9A03-4F65-B671-E5B98D341631}"
EndProject
Project("{778DAE3C-4631-46EA-AA77-85C1314464D9}") = "FHOS.Presentation", "FHOS.Presentation\FHOS.Presentation.vbproj", "{E3553225-84D4-4618-AFE7-48447F9EA139}"
EndProject
Project("{778DAE3C-4631-46EA-AA77-85C1314464D9}") = "FHOS", "FHOS\FHOS.vbproj", "{B9C04A43-E3E2-4BBE-9A9A-C0C32B6A8B8C}"
EndProject
Project("{778DAE3C-4631-46EA-AA77-85C1314464D9}") = "SPLORR.Game", "SPLORR.Game\SPLORR.Game.vbproj", "{B0DDB0CB-EEA5-442C-9A20-0122E8E24C4A}"
EndProject
Project("{778DAE3C-4631-46EA-AA77-85C1314464D9}") = "SPLORR.UI", "SPLORR.UI\SPLORR.UI.vbproj", "{6A8FCD8C-757B-4545-8F91-C6B7B711FCC3}"
EndProject
Project("{778DAE3C-4631-46EA-AA77-85C1314464D9}") = "SPLORR.Presentation", "SPLORR.Presentation\SPLORR.Presentation.vbproj", "{B2F0AE18-F9CF-42C6-A856-A2E7AFDD65C3}"
EndProject
Project("{778DAE3C-4631-46EA-AA77-85C1314464D9}") = "FontMaker", "FontMaker\FontMaker.vbproj", "{26FC346E-3D67-47EC-895B-835F44C27E54}"
EndProject
Project("{2150E333-8FDC-42A3-9474-1A3956D46DE8}") = "_STUFF", "_STUFF", "{CA752FDE-1B1E-48AE-99B1-BE67A4C4F7FC}"
	ProjectSection(SolutionItems) = preProject
		..\README.md = ..\README.md
	EndProjectSection
EndProject
Project("{2150E333-8FDC-42A3-9474-1A3956D46DE8}") = "Core", "Core", "{A9D3D963-BAD8-4BD3-8DE4-2ECA90D32873}"
EndProject
Project("{2150E333-8FDC-42A3-9474-1A3956D46DE8}") = "Utility", "Utility", "{E21EB721-05E4-41E4-B118-BAF4BF8D4C53}"
EndProject
Global
	GlobalSection(SolutionConfigurationPlatforms) = preSolution
		Debug|Any CPU = Debug|Any CPU
		Release|Any CPU = Release|Any CPU
	EndGlobalSection
	GlobalSection(ProjectConfigurationPlatforms) = postSolution
		{7B7165A9-392F-4BA8-BA8E-12890AF292E8}.Debug|Any CPU.ActiveCfg = Debug|Any CPU
		{7B7165A9-392F-4BA8-BA8E-12890AF292E8}.Debug|Any CPU.Build.0 = Debug|Any CPU
		{7B7165A9-392F-4BA8-BA8E-12890AF292E8}.Release|Any CPU.ActiveCfg = Release|Any CPU
		{7B7165A9-392F-4BA8-BA8E-12890AF292E8}.Release|Any CPU.Build.0 = Release|Any CPU
		{38C7DE20-9955-49E6-B664-5F2017389408}.Debug|Any CPU.ActiveCfg = Debug|Any CPU
		{38C7DE20-9955-49E6-B664-5F2017389408}.Debug|Any CPU.Build.0 = Debug|Any CPU
		{38C7DE20-9955-49E6-B664-5F2017389408}.Release|Any CPU.ActiveCfg = Release|Any CPU
		{38C7DE20-9955-49E6-B664-5F2017389408}.Release|Any CPU.Build.0 = Release|Any CPU
		{C04F7E61-9A03-4F65-B671-E5B98D341631}.Debug|Any CPU.ActiveCfg = Debug|Any CPU
		{C04F7E61-9A03-4F65-B671-E5B98D341631}.Debug|Any CPU.Build.0 = Debug|Any CPU
		{C04F7E61-9A03-4F65-B671-E5B98D341631}.Release|Any CPU.ActiveCfg = Release|Any CPU
		{C04F7E61-9A03-4F65-B671-E5B98D341631}.Release|Any CPU.Build.0 = Release|Any CPU
		{E3553225-84D4-4618-AFE7-48447F9EA139}.Debug|Any CPU.ActiveCfg = Debug|Any CPU
		{E3553225-84D4-4618-AFE7-48447F9EA139}.Debug|Any CPU.Build.0 = Debug|Any CPU
		{E3553225-84D4-4618-AFE7-48447F9EA139}.Release|Any CPU.ActiveCfg = Release|Any CPU
		{E3553225-84D4-4618-AFE7-48447F9EA139}.Release|Any CPU.Build.0 = Release|Any CPU
		{B9C04A43-E3E2-4BBE-9A9A-C0C32B6A8B8C}.Debug|Any CPU.ActiveCfg = Debug|Any CPU
		{B9C04A43-E3E2-4BBE-9A9A-C0C32B6A8B8C}.Debug|Any CPU.Build.0 = Debug|Any CPU
		{B9C04A43-E3E2-4BBE-9A9A-C0C32B6A8B8C}.Release|Any CPU.ActiveCfg = Release|Any CPU
		{B9C04A43-E3E2-4BBE-9A9A-C0C32B6A8B8C}.Release|Any CPU.Build.0 = Release|Any CPU
		{B0DDB0CB-EEA5-442C-9A20-0122E8E24C4A}.Debug|Any CPU.ActiveCfg = Debug|Any CPU
		{B0DDB0CB-EEA5-442C-9A20-0122E8E24C4A}.Debug|Any CPU.Build.0 = Debug|Any CPU
		{B0DDB0CB-EEA5-442C-9A20-0122E8E24C4A}.Release|Any CPU.ActiveCfg = Release|Any CPU
		{B0DDB0CB-EEA5-442C-9A20-0122E8E24C4A}.Release|Any CPU.Build.0 = Release|Any CPU
		{6A8FCD8C-757B-4545-8F91-C6B7B711FCC3}.Debug|Any CPU.ActiveCfg = Debug|Any CPU
		{6A8FCD8C-757B-4545-8F91-C6B7B711FCC3}.Debug|Any CPU.Build.0 = Debug|Any CPU
		{6A8FCD8C-757B-4545-8F91-C6B7B711FCC3}.Release|Any CPU.ActiveCfg = Release|Any CPU
		{6A8FCD8C-757B-4545-8F91-C6B7B711FCC3}.Release|Any CPU.Build.0 = Release|Any CPU
		{B2F0AE18-F9CF-42C6-A856-A2E7AFDD65C3}.Debug|Any CPU.ActiveCfg = Debug|Any CPU
		{B2F0AE18-F9CF-42C6-A856-A2E7AFDD65C3}.Debug|Any CPU.Build.0 = Debug|Any CPU
		{B2F0AE18-F9CF-42C6-A856-A2E7AFDD65C3}.Release|Any CPU.ActiveCfg = Release|Any CPU
		{B2F0AE18-F9CF-42C6-A856-A2E7AFDD65C3}.Release|Any CPU.Build.0 = Release|Any CPU
		{26FC346E-3D67-47EC-895B-835F44C27E54}.Debug|Any CPU.ActiveCfg = Debug|Any CPU
		{26FC346E-3D67-47EC-895B-835F44C27E54}.Debug|Any CPU.Build.0 = Debug|Any CPU
		{26FC346E-3D67-47EC-895B-835F44C27E54}.Release|Any CPU.ActiveCfg = Release|Any CPU
		{26FC346E-3D67-47EC-895B-835F44C27E54}.Release|Any CPU.Build.0 = Release|Any CPU
	EndGlobalSection
	GlobalSection(SolutionProperties) = preSolution
		HideSolutionNode = FALSE
	EndGlobalSection
	GlobalSection(NestedProjects) = preSolution
		{B9C04A43-E3E2-4BBE-9A9A-C0C32B6A8B8C} = {A9D3D963-BAD8-4BD3-8DE4-2ECA90D32873}
		{B0DDB0CB-EEA5-442C-9A20-0122E8E24C4A} = {A9D3D963-BAD8-4BD3-8DE4-2ECA90D32873}
		{6A8FCD8C-757B-4545-8F91-C6B7B711FCC3} = {A9D3D963-BAD8-4BD3-8DE4-2ECA90D32873}
		{B2F0AE18-F9CF-42C6-A856-A2E7AFDD65C3} = {A9D3D963-BAD8-4BD3-8DE4-2ECA90D32873}
		{26FC346E-3D67-47EC-895B-835F44C27E54} = {E21EB721-05E4-41E4-B118-BAF4BF8D4C53}
	EndGlobalSection
	GlobalSection(ExtensibilityGlobals) = postSolution
		SolutionGuid = {FB1D40E1-5FE3-47C2-84BF-CE3FEE0EB5E5}
	EndGlobalSection
EndGlobal
